
Microsoft Visual Studio Solution File, Format Version 12.00
# Visual Studio Version 17
VisualStudioVersion = 17.3.32728.150
MinimumVisualStudioVersion = 10.0.40219.1
Project("{2150E333-8FDC-42A3-9474-1A3956D46DE8}") = "솔루션 항목", "솔루션 항목", "{116E3BB2-3244-404B-AE82-1BCFDA1685A2}"
	ProjectSection(SolutionItems) = preProject
		.gitignore = .gitignore
		LICENSE.txt = LICENSE.txt
		README.md = README.md
	EndProjectSection
EndProject
Project("{9A19103F-16F7-4668-BE54-9A1E7A4F7556}") = "MetaFrm.Razor.Essentials(net6.0)", "MetaFrm.Razor.Essentials(net6.0)\MetaFrm.Razor.Essentials(net6.0).csproj", "{BBF17861-767E-48FF-9058-B1BD3FF501D2}"
EndProject
Project("{2150E333-8FDC-42A3-9474-1A3956D46DE8}") = "src", "src", "{ABB44252-DA6B-40E1-A6E3-0C8B00281811}"
	ProjectSection(SolutionItems) = preProject
		src\Alignment.cs = src\Alignment.cs
		src\CardControl.razor.cs = src\CardControl.razor.cs
		src\CardWindowStatus.cs = src\CardWindowStatus.cs
		src\ColumnDefinitions.cs = src\ColumnDefinitions.cs
		src\CommandControl.razor.cs = src\CommandControl.razor.cs
		src\DataGridControl.razor.cs = src\DataGridControl.razor.cs
		src\DictionaryControl.razor.cs = src\DictionaryControl.razor.cs
		src\FieldControl.razor.cs = src\FieldControl.razor.cs
		src\ModalControl.razor.cs = src\ModalControl.razor.cs
		src\SearchControl.razor.cs = src\SearchControl.razor.cs
		src\SortDirection.cs = src\SortDirection.cs
		src\TitleControl.razor.cs = src\TitleControl.razor.cs
	EndProjectSection
EndProject
Project("{2150E333-8FDC-42A3-9474-1A3956D46DE8}") = ".github", ".github", "{5D37C367-08B1-4CFD-96B5-975F0CC38CC6}"
EndProject
Project("{2150E333-8FDC-42A3-9474-1A3956D46DE8}") = "workflows", "workflows", "{D5BFE1B5-9A44-4532-8D03-49AFD0271E94}"
	ProjectSection(SolutionItems) = preProject
		.github\workflows\build.yml = .github\workflows\build.yml
		.github\workflows\nuget.yml = .github\workflows\nuget.yml
	EndProjectSection
EndProject
Global
	GlobalSection(SolutionConfigurationPlatforms) = preSolution
		Debug|Any CPU = Debug|Any CPU
		Release|Any CPU = Release|Any CPU
	EndGlobalSection
	GlobalSection(ProjectConfigurationPlatforms) = postSolution
		{BBF17861-767E-48FF-9058-B1BD3FF501D2}.Debug|Any CPU.ActiveCfg = Debug|Any CPU
		{BBF17861-767E-48FF-9058-B1BD3FF501D2}.Debug|Any CPU.Build.0 = Debug|Any CPU
		{BBF17861-767E-48FF-9058-B1BD3FF501D2}.Release|Any CPU.ActiveCfg = Release|Any CPU
		{BBF17861-767E-48FF-9058-B1BD3FF501D2}.Release|Any CPU.Build.0 = Release|Any CPU
	EndGlobalSection
	GlobalSection(SolutionProperties) = preSolution
		HideSolutionNode = FALSE
	EndGlobalSection
	GlobalSection(NestedProjects) = preSolution
		{D5BFE1B5-9A44-4532-8D03-49AFD0271E94} = {5D37C367-08B1-4CFD-96B5-975F0CC38CC6}
	EndGlobalSection
	GlobalSection(ExtensibilityGlobals) = postSolution
		SolutionGuid = {26E32F96-21DD-43B8-8728-473C7DF0501F}
	EndGlobalSection
EndGlobal
